
Microsoft Visual Studio Solution File, Format Version 12.00
# Visual Studio Version 16
VisualStudioVersion = 16.0.31410.357
MinimumVisualStudioVersion = 10.0.40219.1
Project("{9A19103F-16F7-4668-BE54-9A1E7A4F7556}") = "FitbitSuperMemoSleepDataImporterApp", "FitbitSuperMemoSleepDataImporterApp\FitbitSuperMemoSleepDataImporterApp.csproj", "{3D632D96-DB38-428D-B353-F8C849793B50}"
EndProject
Project("{9A19103F-16F7-4668-BE54-9A1E7A4F7556}") = "SleepDataImporter", "SuperMemoSleepDataImporter\src\SleepDataImporter\SleepDataImporter.csproj", "{684DE24E-B32B-4D57-964C-25B93BE2C780}"
EndProject
Project("{FAE04EC0-301F-11D3-BF4B-00C04F79EFBC}") = "FitbitSuperMemoSleepDataImporterApp.Tests", "FitbitSuperMemoSleepDataImporterApp.Tests\FitbitSuperMemoSleepDataImporterApp.Tests.csproj", "{F6432A08-6D88-4FD9-AF00-FE4BF6A763D1}"
EndProject
Global
	GlobalSection(SolutionConfigurationPlatforms) = preSolution
		Debug|Any CPU = Debug|Any CPU
		Release|Any CPU = Release|Any CPU
	EndGlobalSection
	GlobalSection(ProjectConfigurationPlatforms) = postSolution
		{3D632D96-DB38-428D-B353-F8C849793B50}.Debug|Any CPU.ActiveCfg = Debug|Any CPU
		{3D632D96-DB38-428D-B353-F8C849793B50}.Debug|Any CPU.Build.0 = Debug|Any CPU
		{3D632D96-DB38-428D-B353-F8C849793B50}.Release|Any CPU.ActiveCfg = Release|Any CPU
		{3D632D96-DB38-428D-B353-F8C849793B50}.Release|Any CPU.Build.0 = Release|Any CPU
		{684DE24E-B32B-4D57-964C-25B93BE2C780}.Debug|Any CPU.ActiveCfg = Debug|Any CPU
		{684DE24E-B32B-4D57-964C-25B93BE2C780}.Debug|Any CPU.Build.0 = Debug|Any CPU
		{684DE24E-B32B-4D57-964C-25B93BE2C780}.Release|Any CPU.ActiveCfg = Release|Any CPU
		{684DE24E-B32B-4D57-964C-25B93BE2C780}.Release|Any CPU.Build.0 = Release|Any CPU
		{F6432A08-6D88-4FD9-AF00-FE4BF6A763D1}.Debug|Any CPU.ActiveCfg = Debug|Any CPU
		{F6432A08-6D88-4FD9-AF00-FE4BF6A763D1}.Debug|Any CPU.Build.0 = Debug|Any CPU
		{F6432A08-6D88-4FD9-AF00-FE4BF6A763D1}.Release|Any CPU.ActiveCfg = Release|Any CPU
		{F6432A08-6D88-4FD9-AF00-FE4BF6A763D1}.Release|Any CPU.Build.0 = Release|Any CPU
	EndGlobalSection
	GlobalSection(SolutionProperties) = preSolution
		HideSolutionNode = FALSE
	EndGlobalSection
	GlobalSection(ExtensibilityGlobals) = postSolution
		SolutionGuid = {BB9780C7-97CC-4048-8713-213B7DB028D7}
	EndGlobalSection
EndGlobal
